PODS:
  - FSCalendar (2.8.1)

DEPENDENCIES:
  - FSCalendar (from `https://github.com/WenchaoD/FSCalendar`)

EXTERNAL SOURCES:
  FSCalendar:
    :git: https://github.com/WenchaoD/FSCalendar

CHECKOUT OPTIONS:
  FSCalendar:
    :commit: ee0a887d8be8ba05c2b2680dfa27a8b260d5ba55
    :git: https://github.com/WenchaoD/FSCalendar

SPEC CHECKSUMS:
  FSCalendar: 5245140456fcbcac5824c203b98bd8068bdfee1a

PODFILE CHECKSUM: 864d6f0cce282f32a440da939140398f08030244

COCOAPODS: 1.9.3
